
Microsoft Visual Studio Solution File, Format Version 12.00
# Visual Studio Version 16
VisualStudioVersion = 16.0.30114.105
MinimumVisualStudioVersion = 10.0.40219.1
Project("{FAE04EC0-301F-11D3-BF4B-00C04F79EFBC}") = "Music.Web", "Music.Web\Music.Web.csproj", "{4BD27572-7A1E-4A89-8FFB-6ABE7B1D5276}"
EndProject
Project("{FAE04EC0-301F-11D3-BF4B-00C04F79EFBC}") = "Music.DAL", "Music.DAL\Music.DAL.csproj", "{E93424AB-F6A3-4207-A996-372332BBADFB}"
EndProject
Project("{FAE04EC0-301F-11D3-BF4B-00C04F79EFBC}") = "Music.BLL", "Music.BLL\Music.BLL.csproj", "{720E9AF2-79BA-421D-BA71-D3BECEFC6BDF}"
EndProject
Project("{FAE04EC0-301F-11D3-BF4B-00C04F79EFBC}") = "Music.Common", "Music.Common\Music.Common.csproj", "{BF65789E-EC6D-490C-993D-827275E13B47}"
EndProject
Global
	GlobalSection(SolutionConfigurationPlatforms) = preSolution
		Debug|Any CPU = Debug|Any CPU
		Release|Any CPU = Release|Any CPU
	EndGlobalSection
	GlobalSection(ProjectConfigurationPlatforms) = postSolution
		{4BD27572-7A1E-4A89-8FFB-6ABE7B1D5276}.Debug|Any CPU.ActiveCfg = Debug|Any CPU
		{4BD27572-7A1E-4A89-8FFB-6ABE7B1D5276}.Debug|Any CPU.Build.0 = Debug|Any CPU
		{4BD27572-7A1E-4A89-8FFB-6ABE7B1D5276}.Release|Any CPU.ActiveCfg = Release|Any CPU
		{4BD27572-7A1E-4A89-8FFB-6ABE7B1D5276}.Release|Any CPU.Build.0 = Release|Any CPU
		{E93424AB-F6A3-4207-A996-372332BBADFB}.Debug|Any CPU.ActiveCfg = Debug|Any CPU
		{E93424AB-F6A3-4207-A996-372332BBADFB}.Debug|Any CPU.Build.0 = Debug|Any CPU
		{E93424AB-F6A3-4207-A996-372332BBADFB}.Release|Any CPU.ActiveCfg = Release|Any CPU
		{E93424AB-F6A3-4207-A996-372332BBADFB}.Release|Any CPU.Build.0 = Release|Any CPU
		{720E9AF2-79BA-421D-BA71-D3BECEFC6BDF}.Debug|Any CPU.ActiveCfg = Debug|Any CPU
		{720E9AF2-79BA-421D-BA71-D3BECEFC6BDF}.Debug|Any CPU.Build.0 = Debug|Any CPU
		{720E9AF2-79BA-421D-BA71-D3BECEFC6BDF}.Release|Any CPU.ActiveCfg = Release|Any CPU
		{720E9AF2-79BA-421D-BA71-D3BECEFC6BDF}.Release|Any CPU.Build.0 = Release|Any CPU
		{BF65789E-EC6D-490C-993D-827275E13B47}.Debug|Any CPU.ActiveCfg = Debug|Any CPU
		{BF65789E-EC6D-490C-993D-827275E13B47}.Debug|Any CPU.Build.0 = Debug|Any CPU
		{BF65789E-EC6D-490C-993D-827275E13B47}.Release|Any CPU.ActiveCfg = Release|Any CPU
		{BF65789E-EC6D-490C-993D-827275E13B47}.Release|Any CPU.Build.0 = Release|Any CPU
	EndGlobalSection
	GlobalSection(SolutionProperties) = preSolution
		HideSolutionNode = FALSE
	EndGlobalSection
	GlobalSection(ExtensibilityGlobals) = postSolution
		SolutionGuid = {E3065C97-510B-4274-A469-1DDC548EC9A5}
	EndGlobalSection
EndGlobal
